
Microsoft Visual Studio Solution File, Format Version 12.00
# Visual Studio Version 17
VisualStudioVersion = 17.13.35931.197 d17.13
MinimumVisualStudioVersion = 10.0.40219.1
Project("{FAE04EC0-301F-11D3-BF4B-00C04F79EFBC}") = "SSRS Report_2", "SSRS Report_2\SSRS Report_2.csproj", "{1153246A-EF41-4F32-98AE-DB9102EB041F}"
EndProject
Global
	GlobalSection(SolutionConfigurationPlatforms) = preSolution
		Debug|Any CPU = Debug|Any CPU
		Release|Any CPU = Release|Any CPU
	EndGlobalSection
	GlobalSection(ProjectConfigurationPlatforms) = postSolution
		{1153246A-EF41-4F32-98AE-DB9102EB041F}.Debug|Any CPU.ActiveCfg = Debug|Any CPU
		{1153246A-EF41-4F32-98AE-DB9102EB041F}.Debug|Any CPU.Build.0 = Debug|Any CPU
		{1153246A-EF41-4F32-98AE-DB9102EB041F}.Release|Any CPU.ActiveCfg = Release|Any CPU
		{1153246A-EF41-4F32-98AE-DB9102EB041F}.Release|Any CPU.Build.0 = Release|Any CPU
	EndGlobalSection
	GlobalSection(SolutionProperties) = preSolution
		HideSolutionNode = FALSE
	EndGlobalSection
	GlobalSection(ExtensibilityGlobals) = postSolution
		SolutionGuid = {CDAC669A-F903-40FD-809D-E556FD2DAD77}
	EndGlobalSection
EndGlobal
